// !$*UTF8*$!
{
	archiveVersion = 1;
	classes = {
	};
	objectVersion = 56;
	objects = {

/* Begin PBXBuildFile section */
		30FD6D9E29655F9E006F6266 /* AppDelegate.swift in Sources */ = {isa = PBXBuildFile; fileRef = 30FD6D9D29655F9E006F6266 /* AppDelegate.swift */; };
		30FD6DA029655F9E006F6266 /* SceneDelegate.swift in Sources */ = {isa = PBXBuildFile; fileRef = 30FD6D9F29655F9E006F6266 /* SceneDelegate.swift */; };
		30FD6DA229655F9E006F6266 /* PLPViewController.swift in Sources */ = {isa = PBXBuildFile; fileRef = 30FD6DA129655F9E006F6266 /* PLPViewController.swift */; };
		30FD6DA729655F9F006F6266 /* Assets.xcassets in Resources */ = {isa = PBXBuildFile; fileRef = 30FD6DA629655F9F006F6266 /* Assets.xcassets */; };
		30FD6DAA29655F9F006F6266 /* LaunchScreen.storyboard in Resources */ = {isa = PBXBuildFile; fileRef = 30FD6DA829655F9F006F6266 /* LaunchScreen.storyboard */; };
		30FD6DB529655FA0006F6266 /* NetworkManagerTests.swift in Sources */ = {isa = PBXBuildFile; fileRef = 30FD6DB429655FA0006F6266 /* NetworkManagerTests.swift */; };
		30FD6DD029656344006F6266 /* PLPCoordinator.swift in Sources */ = {isa = PBXBuildFile; fileRef = 30FD6DCF29656344006F6266 /* PLPCoordinator.swift */; };
		30FD6DD2296591BC006F6266 /* NetworkManager.swift in Sources */ = {isa = PBXBuildFile; fileRef = 30FD6DD1296591BC006F6266 /* NetworkManager.swift */; };
		30FD6DD42965B6C7006F6266 /* Product.swift in Sources */ = {isa = PBXBuildFile; fileRef = 30FD6DD32965B6C7006F6266 /* Product.swift */; };
		30FD6DD62965B7EC006F6266 /* MockUrlProtocol.swift in Sources */ = {isa = PBXBuildFile; fileRef = 30FD6DD52965B7EC006F6266 /* MockUrlProtocol.swift */; };
		30FD6DD82965D615006F6266 /* PLPViewModel.swift in Sources */ = {isa = PBXBuildFile; fileRef = 30FD6DD72965D615006F6266 /* PLPViewModel.swift */; };
		30FD6DDA29665903006F6266 /* ProductCell.swift in Sources */ = {isa = PBXBuildFile; fileRef = 30FD6DD929665903006F6266 /* ProductCell.swift */; };
		30FD6DDC29665B8B006F6266 /* UIView+Constraints.swift in Sources */ = {isa = PBXBuildFile; fileRef = 30FD6DDB29665B8B006F6266 /* UIView+Constraints.swift */; };
		30FD6DDE29665E11006F6266 /* DisplayableProduct.swift in Sources */ = {isa = PBXBuildFile; fileRef = 30FD6DDD29665E11006F6266 /* DisplayableProduct.swift */; };
		30FD6DE229666E59006F6266 /* UIImageView+Cache.swift in Sources */ = {isa = PBXBuildFile; fileRef = 30FD6DE129666E59006F6266 /* UIImageView+Cache.swift */; };
		30FD6DE429672E51006F6266 /* PLPViewModelTests.swift in Sources */ = {isa = PBXBuildFile; fileRef = 30FD6DE329672E51006F6266 /* PLPViewModelTests.swift */; };
		30FD6DE629673043006F6266 /* NetworkManagerSpy.swift in Sources */ = {isa = PBXBuildFile; fileRef = 30FD6DE529673043006F6266 /* NetworkManagerSpy.swift */; };
		30FD6DE8296737C0006F6266 /* PLPViewControllerTests.swift in Sources */ = {isa = PBXBuildFile; fileRef = 30FD6DE7296737C0006F6266 /* PLPViewControllerTests.swift */; };
		30FD6DEA29673C34006F6266 /* PLPViewModelSpy.swift in Sources */ = {isa = PBXBuildFile; fileRef = 30FD6DE929673C34006F6266 /* PLPViewModelSpy.swift */; };
/* End PBXBuildFile section */

/* Begin PBXContainerItemProxy section */
		30FD6DB129655FA0006F6266 /* PBXContainerItemProxy */ = {
			isa = PBXContainerItemProxy;
			containerPortal = 30FD6D9229655F9E006F6266 /* Project object */;
			proxyType = 1;
			remoteGlobalIDString = 30FD6D9929655F9E006F6266;
			remoteInfo = sephora1;
		};
/* End PBXContainerItemProxy section */

/* Begin PBXFileReference section */
		30FD6D9A29655F9E006F6266 /* sephora1.app */ = {isa = PBXFileReference; explicitFileType = wrapper.application; includeInIndex = 0; path = sephora1.app; sourceTree = BUILT_PRODUCTS_DIR; };
		30FD6D9D29655F9E006F6266 /* AppDelegate.swift */ = {isa = PBXFileReference; lastKnownFileType = sourcecode.swift; path = AppDelegate.swift; sourceTree = "<group>"; };
		30FD6D9F29655F9E006F6266 /* SceneDelegate.swift */ = {isa = PBXFileReference; lastKnownFileType = sourcecode.swift; path = SceneDelegate.swift; sourceTree = "<group>"; };
		30FD6DA129655F9E006F6266 /* PLPViewController.swift */ = {isa = PBXFileReference; lastKnownFileType = sourcecode.swift; path = PLPViewController.swift; sourceTree = "<group>"; };
		30FD6DA629655F9F006F6266 /* Assets.xcassets */ = {isa = PBXFileReference; lastKnownFileType = folder.assetcatalog; path = Assets.xcassets; sourceTree = "<group>"; };
		30FD6DA929655F9F006F6266 /* Base */ = {isa = PBXFileReference; lastKnownFileType = file.storyboard; name = Base; path = Base.lproj/LaunchScreen.storyboard; sourceTree = "<group>"; };
		30FD6DAB29655F9F006F6266 /* Info.plist */ = {isa = PBXFileReference; lastKnownFileType = text.plist.xml; path = Info.plist; sourceTree = "<group>"; };
		30FD6DB029655FA0006F6266 /* sephora1Tests.xctest */ = {isa = PBXFileReference; explicitFileType = wrapper.cfbundle; includeInIndex = 0; path = sephora1Tests.xctest; sourceTree = BUILT_PRODUCTS_DIR; };
		30FD6DB429655FA0006F6266 /* NetworkManagerTests.swift */ = {isa = PBXFileReference; lastKnownFileType = sourcecode.swift; path = NetworkManagerTests.swift; sourceTree = "<group>"; };
		30FD6DCF29656344006F6266 /* PLPCoordinator.swift */ = {isa = PBXFileReference; lastKnownFileType = sourcecode.swift; path = PLPCoordinator.swift; sourceTree = "<group>"; };
		30FD6DD1296591BC006F6266 /* NetworkManager.swift */ = {isa = PBXFileReference; lastKnownFileType = sourcecode.swift; path = NetworkManager.swift; sourceTree = "<group>"; };
		30FD6DD32965B6C7006F6266 /* Product.swift */ = {isa = PBXFileReference; lastKnownFileType = sourcecode.swift; path = Product.swift; sourceTree = "<group>"; };
		30FD6DD52965B7EC006F6266 /* MockUrlProtocol.swift */ = {isa = PBXFileReference; lastKnownFileType = sourcecode.swift; path = MockUrlProtocol.swift; sourceTree = "<group>"; };
		30FD6DD72965D615006F6266 /* PLPViewModel.swift */ = {isa = PBXFileReference; lastKnownFileType = sourcecode.swift; path = PLPViewModel.swift; sourceTree = "<group>"; };
		30FD6DD929665903006F6266 /* ProductCell.swift */ = {isa = PBXFileReference; lastKnownFileType = sourcecode.swift; path = ProductCell.swift; sourceTree = "<group>"; };
		30FD6DDB29665B8B006F6266 /* UIView+Constraints.swift */ = {isa = PBXFileReference; lastKnownFileType = sourcecode.swift; path = "UIView+Constraints.swift"; sourceTree = "<group>"; };
		30FD6DDD29665E11006F6266 /* DisplayableProduct.swift */ = {isa = PBXFileReference; lastKnownFileType = sourcecode.swift; path = DisplayableProduct.swift; sourceTree = "<group>"; };
		30FD6DE129666E59006F6266 /* UIImageView+Cache.swift */ = {isa = PBXFileReference; lastKnownFileType = sourcecode.swift; path = "UIImageView+Cache.swift"; sourceTree = "<group>"; };
		30FD6DE329672E51006F6266 /* PLPViewModelTests.swift */ = {isa = PBXFileReference; lastKnownFileType = sourcecode.swift; path = PLPViewModelTests.swift; sourceTree = "<group>"; };
		30FD6DE529673043006F6266 /* NetworkManagerSpy.swift */ = {isa = PBXFileReference; lastKnownFileType = sourcecode.swift; path = NetworkManagerSpy.swift; sourceTree = "<group>"; };
		30FD6DE7296737C0006F6266 /* PLPViewControllerTests.swift */ = {isa = PBXFileReference; lastKnownFileType = sourcecode.swift; path = PLPViewControllerTests.swift; sourceTree = "<group>"; };
		30FD6DE929673C34006F6266 /* PLPViewModelSpy.swift */ = {isa = PBXFileReference; lastKnownFileType = sourcecode.swift; path = PLPViewModelSpy.swift; sourceTree = "<group>"; };
/* End PBXFileReference section */

/* Begin PBXFrameworksBuildPhase section */
		30FD6D9729655F9E006F6266 /* Frameworks */ = {
			isa = PBXFrameworksBuildPhase;
			buildActionMask = 2147483647;
			files = (
			);
			runOnlyForDeploymentPostprocessing = 0;
		};
		30FD6DAD29655FA0006F6266 /* Frameworks */ = {
			isa = PBXFrameworksBuildPhase;
			buildActionMask = 2147483647;
			files = (
			);
			runOnlyForDeploymentPostprocessing = 0;
		};
/* End PBXFrameworksBuildPhase section */

/* Begin PBXGroup section */
		30FD6D9129655F9E006F6266 = {
			isa = PBXGroup;
			children = (
				30FD6D9C29655F9E006F6266 /* sephora1 */,
				30FD6DB329655FA0006F6266 /* sephora1Tests */,
				30FD6D9B29655F9E006F6266 /* Products */,
			);
			sourceTree = "<group>";
		};
		30FD6D9B29655F9E006F6266 /* Products */ = {
			isa = PBXGroup;
			children = (
				30FD6D9A29655F9E006F6266 /* sephora1.app */,
				30FD6DB029655FA0006F6266 /* sephora1Tests.xctest */,
			);
			name = Products;
			sourceTree = "<group>";
		};
		30FD6D9C29655F9E006F6266 /* sephora1 */ = {
			isa = PBXGroup;
			children = (
				30FD6D9D29655F9E006F6266 /* AppDelegate.swift */,
				30FD6D9F29655F9E006F6266 /* SceneDelegate.swift */,
				30FD6DEB29673F80006F6266 /* Scenes */,
				30FD6DEE29678BB5006F6266 /* Networking */,
				30FD6DED29678BA6006F6266 /* Extensions */,
				30FD6DA629655F9F006F6266 /* Assets.xcassets */,
				30FD6DA829655F9F006F6266 /* LaunchScreen.storyboard */,
				30FD6DAB29655F9F006F6266 /* Info.plist */,
			);
			path = sephora1;
			sourceTree = "<group>";
		};
		30FD6DB329655FA0006F6266 /* sephora1Tests */ = {
			isa = PBXGroup;
			children = (
				30FD6DB429655FA0006F6266 /* NetworkManagerTests.swift */,
				30FD6DE329672E51006F6266 /* PLPViewModelTests.swift */,
				30FD6DE7296737C0006F6266 /* PLPViewControllerTests.swift */,
				30FD6DE529673043006F6266 /* NetworkManagerSpy.swift */,
				30FD6DE929673C34006F6266 /* PLPViewModelSpy.swift */,
				30FD6DD52965B7EC006F6266 /* MockUrlProtocol.swift */,
			);
			path = sephora1Tests;
			sourceTree = "<group>";
		};
		30FD6DEB29673F80006F6266 /* Scenes */ = {
			isa = PBXGroup;
			children = (
				30FD6DEC29673F8C006F6266 /* ProductListPage */,
			);
			path = Scenes;
			sourceTree = "<group>";
		};
		30FD6DEC29673F8C006F6266 /* ProductListPage */ = {
			isa = PBXGroup;
			children = (
				30FD6DF029678BED006F6266 /* Models */,
				30FD6DEF29678BDB006F6266 /* Custom Views */,
				30FD6DA129655F9E006F6266 /* PLPViewController.swift */,
				30FD6DCF29656344006F6266 /* PLPCoordinator.swift */,
				30FD6DD72965D615006F6266 /* PLPViewModel.swift */,
			);
			path = ProductListPage;
			sourceTree = "<group>";
		};
		30FD6DED29678BA6006F6266 /* Extensions */ = {
			isa = PBXGroup;
			children = (
				30FD6DDB29665B8B006F6266 /* UIView+Constraints.swift */,
				30FD6DE129666E59006F6266 /* UIImageView+Cache.swift */,
			);
			path = Extensions;
			sourceTree = "<group>";
		};
		30FD6DEE29678BB5006F6266 /* Networking */ = {
			isa = PBXGroup;
			children = (
				30FD6DD1296591BC006F6266 /* NetworkManager.swift */,
			);
			path = Networking;
			sourceTree = "<group>";
		};
		30FD6DEF29678BDB006F6266 /* Custom Views */ = {
			isa = PBXGroup;
			children = (
				30FD6DD929665903006F6266 /* ProductCell.swift */,
			);
			path = "Custom Views";
			sourceTree = "<group>";
		};
		30FD6DF029678BED006F6266 /* Models */ = {
			isa = PBXGroup;
			children = (
				30FD6DD32965B6C7006F6266 /* Product.swift */,
				30FD6DDD29665E11006F6266 /* DisplayableProduct.swift */,
			);
			path = Models;
			sourceTree = "<group>";
		};
/* End PBXGroup section */

/* Begin PBXNativeTarget section */
		30FD6D9929655F9E006F6266 /* sephora1 */ = {
			isa = PBXNativeTarget;
			buildConfigurationList = 30FD6DC429655FA0006F6266 /* Build configuration list for PBXNativeTarget "sephora1" */;
			buildPhases = (
				30FD6D9629655F9E006F6266 /* Sources */,
				30FD6D9729655F9E006F6266 /* Frameworks */,
				30FD6D9829655F9E006F6266 /* Resources */,
			);
			buildRules = (
			);
			dependencies = (
			);
			name = sephora1;
			productName = sephora1;
			productReference = 30FD6D9A29655F9E006F6266 /* sephora1.app */;
			productType = "com.apple.product-type.application";
		};
		30FD6DAF29655FA0006F6266 /* sephora1Tests */ = {
			isa = PBXNativeTarget;
			buildConfigurationList = 30FD6DC729655FA0006F6266 /* Build configuration list for PBXNativeTarget "sephora1Tests" */;
			buildPhases = (
				30FD6DAC29655FA0006F6266 /* Sources */,
				30FD6DAD29655FA0006F6266 /* Frameworks */,
				30FD6DAE29655FA0006F6266 /* Resources */,
			);
			buildRules = (
			);
			dependencies = (
				30FD6DB229655FA0006F6266 /* PBXTargetDependency */,
			);
			name = sephora1Tests;
			productName = sephora1Tests;
			productReference = 30FD6DB029655FA0006F6266 /* sephora1Tests.xctest */;
			productType = "com.apple.product-type.bundle.unit-test";
		};
/* End PBXNativeTarget section */

/* Begin PBXProject section */
		30FD6D9229655F9E006F6266 /* Project object */ = {
			isa = PBXProject;
			attributes = {
				BuildIndependentTargetsInParallel = 1;
				LastSwiftUpdateCheck = 1420;
				LastUpgradeCheck = 1420;
				TargetAttributes = {
					30FD6D9929655F9E006F6266 = {
						CreatedOnToolsVersion = 14.2;
					};
					30FD6DAF29655FA0006F6266 = {
						CreatedOnToolsVersion = 14.2;
						TestTargetID = 30FD6D9929655F9E006F6266;
					};
				};
			};
			buildConfigurationList = 30FD6D9529655F9E006F6266 /* Build configuration list for PBXProject "sephora1" */;
			compatibilityVersion = "Xcode 14.0";
			developmentRegion = en;
			hasScannedForEncodings = 0;
			knownRegions = (
				en,
				Base,
			);
			mainGroup = 30FD6D9129655F9E006F6266;
			productRefGroup = 30FD6D9B29655F9E006F6266 /* Products */;
			projectDirPath = "";
			projectRoot = "";
			targets = (
				30FD6D9929655F9E006F6266 /* sephora1 */,
				30FD6DAF29655FA0006F6266 /* sephora1Tests */,
			);
		};
/* End PBXProject section */

/* Begin PBXResourcesBuildPhase section */
		30FD6D9829655F9E006F6266 /* Resources */ = {
			isa = PBXResourcesBuildPhase;
			buildActionMask = 2147483647;
			files = (
				30FD6DAA29655F9F006F6266 /* LaunchScreen.storyboard in Resources */,
				30FD6DA729655F9F006F6266 /* Assets.xcassets in Resources */,
			);
			runOnlyForDeploymentPostprocessing = 0;
		};
		30FD6DAE29655FA0006F6266 /* Resources */ = {
			isa = PBXResourcesBuildPhase;
			buildActionMask = 2147483647;
			files = (
			);
			runOnlyForDeploymentPostprocessing = 0;
		};
/* End PBXResourcesBuildPhase section */

/* Begin PBXSourcesBuildPhase section */
		30FD6D9629655F9E006F6266 /* Sources */ = {
			isa = PBXSourcesBuildPhase;
			buildActionMask = 2147483647;
			files = (
				30FD6DDE29665E11006F6266 /* DisplayableProduct.swift in Sources */,
				30FD6DD2296591BC006F6266 /* NetworkManager.swift in Sources */,
				30FD6DA229655F9E006F6266 /* PLPViewController.swift in Sources */,
				30FD6D9E29655F9E006F6266 /* AppDelegate.swift in Sources */,
				30FD6DE229666E59006F6266 /* UIImageView+Cache.swift in Sources */,
				30FD6DD029656344006F6266 /* PLPCoordinator.swift in Sources */,
				30FD6DD82965D615006F6266 /* PLPViewModel.swift in Sources */,
				30FD6DDA29665903006F6266 /* ProductCell.swift in Sources */,
				30FD6DDC29665B8B006F6266 /* UIView+Constraints.swift in Sources */,
				30FD6DA029655F9E006F6266 /* SceneDelegate.swift in Sources */,
				30FD6DD42965B6C7006F6266 /* Product.swift in Sources */,
			);
			runOnlyForDeploymentPostprocessing = 0;
		};
		30FD6DAC29655FA0006F6266 /* Sources */ = {
			isa = PBXSourcesBuildPhase;
			buildActionMask = 2147483647;
			files = (
				30FD6DEA29673C34006F6266 /* PLPViewModelSpy.swift in Sources */,
				30FD6DB529655FA0006F6266 /* NetworkManagerTests.swift in Sources */,
				30FD6DE8296737C0006F6266 /* PLPViewControllerTests.swift in Sources */,
				30FD6DD62965B7EC006F6266 /* MockUrlProtocol.swift in Sources */,
				30FD6DE429672E51006F6266 /* PLPViewModelTests.swift in Sources */,
				30FD6DE629673043006F6266 /* NetworkManagerSpy.swift in Sources */,
			);
			runOnlyForDeploymentPostprocessing = 0;
		};
/* End PBXSourcesBuildPhase section */

/* Begin PBXTargetDependency section */
		30FD6DB229655FA0006F6266 /* PBXTargetDependency */ = {
			isa = PBXTargetDependency;
			target = 30FD6D9929655F9E006F6266 /* sephora1 */;
			targetProxy = 30FD6DB129655FA0006F6266 /* PBXContainerItemProxy */;
		};
/* End PBXTargetDependency section */

/* Begin PBXVariantGroup section */
		30FD6DA829655F9F006F6266 /* LaunchScreen.storyboard */ = {
			isa = PBXVariantGroup;
			children = (
				30FD6DA929655F9F006F6266 /* Base */,
			);
			name = LaunchScreen.storyboard;
			sourceTree = "<group>";
		};
/* End PBXVariantGroup section */

/* Begin XCBuildConfiguration section */
		30FD6DC229655FA0006F6266 /* Debug */ = {
			isa = XCBuildConfiguration;
			buildSettings = {
				ALWAYS_SEARCH_USER_PATHS = NO;
				CLANG_ANALYZER_NONNULL = YES;
				CLANG_ANALYZER_NUMBER_OBJECT_CONVERSION = YES_AGGRESSIVE;
				CLANG_CXX_LANGUAGE_STANDARD = "gnu++20";
				CLANG_ENABLE_MODULES = YES;
				CLANG_ENABLE_OBJC_ARC = YES;
				CLANG_ENABLE_OBJC_WEAK = YES;
				CLANG_WARN_BLOCK_CAPTURE_AUTORELEASING = YES;
				CLANG_WARN_BOOL_CONVERSION = YES;
				CLANG_WARN_COMMA = YES;
				CLANG_WARN_CONSTANT_CONVERSION = YES;
				CLANG_WARN_DEPRECATED_OBJC_IMPLEMENTATIONS = YES;
				CLANG_WARN_DIRECT_OBJC_ISA_USAGE = YES_ERROR;
				CLANG_WARN_DOCUMENTATION_COMMENTS = YES;
				CLANG_WARN_EMPTY_BODY = YES;
				CLANG_WARN_ENUM_CONVERSION = YES;
				CLANG_WARN_INFINITE_RECURSION = YES;
				CLANG_WARN_INT_CONVERSION = YES;
				CLANG_WARN_NON_LITERAL_NULL_CONVERSION = YES;
				CLANG_WARN_OBJC_IMPLICIT_RETAIN_SELF = YES;
				CLANG_WARN_OBJC_LITERAL_CONVERSION = YES;
				CLANG_WARN_OBJC_ROOT_CLASS = YES_ERROR;
				CLANG_WARN_QUOTED_INCLUDE_IN_FRAMEWORK_HEADER = YES;
				CLANG_WARN_RANGE_LOOP_ANALYSIS = YES;
				CLANG_WARN_STRICT_PROTOTYPES = YES;
				CLANG_WARN_SUSPICIOUS_MOVE = YES;
				CLANG_WARN_UNGUARDED_AVAILABILITY = YES_AGGRESSIVE;
				CLANG_WARN_UNREACHABLE_CODE = YES;
				CLANG_WARN__DUPLICATE_METHOD_MATCH = YES;
				COPY_PHASE_STRIP = NO;
				DEBUG_INFORMATION_FORMAT = dwarf;
				ENABLE_STRICT_OBJC_MSGSEND = YES;
				ENABLE_TESTABILITY = YES;
				GCC_C_LANGUAGE_STANDARD = gnu11;
				GCC_DYNAMIC_NO_PIC = NO;
				GCC_NO_COMMON_BLOCKS = YES;
				GCC_OPTIMIZATION_LEVEL = 0;
				GCC_PREPROCESSOR_DEFINITIONS = (
					"DEBUG=1",
					"$(inherited)",
				);
				GCC_WARN_64_TO_32_BIT_CONVERSION = YES;
				GCC_WARN_ABOUT_RETURN_TYPE = YES_ERROR;
				GCC_WARN_UNDECLARED_SELECTOR = YES;
				GCC_WARN_UNINITIALIZED_AUTOS = YES_AGGRESSIVE;
				GCC_WARN_UNUSED_FUNCTION = YES;
				GCC_WARN_UNUSED_VARIABLE = YES;
				IPHONEOS_DEPLOYMENT_TARGET = 16.2;
				MTL_ENABLE_DEBUG_INFO = INCLUDE_SOURCE;
				MTL_FAST_MATH = YES;
				ONLY_ACTIVE_ARCH = YES;
				SDKROOT = iphoneos;
				SWIFT_ACTIVE_COMPILATION_CONDITIONS = DEBUG;
				SWIFT_OPTIMIZATION_LEVEL = "-Onone";
			};
			name = Debug;
		};
		30FD6DC329655FA0006F6266 /* Release */ = {
			isa = XCBuildConfiguration;
			buildSettings = {
				ALWAYS_SEARCH_USER_PATHS = NO;
				CLANG_ANALYZER_NONNULL = YES;
				CLANG_ANALYZER_NUMBER_OBJECT_CONVERSION = YES_AGGRESSIVE;
				CLANG_CXX_LANGUAGE_STANDARD = "gnu++20";
				CLANG_ENABLE_MODULES = YES;
				CLANG_ENABLE_OBJC_ARC = YES;
				CLANG_ENABLE_OBJC_WEAK = YES;
				CLANG_WARN_BLOCK_CAPTURE_AUTORELEASING = YES;
				CLANG_WARN_BOOL_CONVERSION = YES;
				CLANG_WARN_COMMA = YES;
				CLANG_WARN_CONSTANT_CONVERSION = YES;
				CLANG_WARN_DEPRECATED_OBJC_IMPLEMENTATIONS = YES;
				CLANG_WARN_DIRECT_OBJC_ISA_USAGE = YES_ERROR;
				CLANG_WARN_DOCUMENTATION_COMMENTS = YES;
				CLANG_WARN_EMPTY_BODY = YES;
				CLANG_WARN_ENUM_CONVERSION = YES;
				CLANG_WARN_INFINITE_RECURSION = YES;
				CLANG_WARN_INT_CONVERSION = YES;
				CLANG_WARN_NON_LITERAL_NULL_CONVERSION = YES;
				CLANG_WARN_OBJC_IMPLICIT_RETAIN_SELF = YES;
				CLANG_WARN_OBJC_LITERAL_CONVERSION = YES;
				CLANG_WARN_OBJC_ROOT_CLASS = YES_ERROR;
				CLANG_WARN_QUOTED_INCLUDE_IN_FRAMEWORK_HEADER = YES;
				CLANG_WARN_RANGE_LOOP_ANALYSIS = YES;
				CLANG_WARN_STRICT_PROTOTYPES = YES;
				CLANG_WARN_SUSPICIOUS_MOVE = YES;
				CLANG_WARN_UNGUARDED_AVAILABILITY = YES_AGGRESSIVE;
				CLANG_WARN_UNREACHABLE_CODE = YES;
				CLANG_WARN__DUPLICATE_METHOD_MATCH = YES;
				COPY_PHASE_STRIP = NO;
				DEBUG_INFORMATION_FORMAT = "dwarf-with-dsym";
				ENABLE_NS_ASSERTIONS = NO;
				ENABLE_STRICT_OBJC_MSGSEND = YES;
				GCC_C_LANGUAGE_STANDARD = gnu11;
				GCC_NO_COMMON_BLOCKS = YES;
				GCC_WARN_64_TO_32_BIT_CONVERSION = YES;
				GCC_WARN_ABOUT_RETURN_TYPE = YES_ERROR;
				GCC_WARN_UNDECLARED_SELECTOR = YES;
				GCC_WARN_UNINITIALIZED_AUTOS = YES_AGGRESSIVE;
				GCC_WARN_UNUSED_FUNCTION = YES;
				GCC_WARN_UNUSED_VARIABLE = YES;
				IPHONEOS_DEPLOYMENT_TARGET = 16.2;
				MTL_ENABLE_DEBUG_INFO = NO;
				MTL_FAST_MATH = YES;
				SDKROOT = iphoneos;
				SWIFT_COMPILATION_MODE = wholemodule;
				SWIFT_OPTIMIZATION_LEVEL = "-O";
				VALIDATE_PRODUCT = YES;
			};
			name = Release;
		};
		30FD6DC529655FA0006F6266 /* Debug */ = {
			isa = XCBuildConfiguration;
			buildSettings = {
				ASSETCATALOG_COMPILER_APPICON_NAME = AppIcon;
				ASSETCATALOG_COMPILER_GLOBAL_ACCENT_COLOR_NAME = AccentColor;
				CODE_SIGN_STYLE = Automatic;
				CURRENT_PROJECT_VERSION = 1;
				GENERATE_INFOPLIST_FILE = YES;
				INFOPLIST_FILE = sephora1/Info.plist;
				INFOPLIST_KEY_UIApplicationSupportsIndirectInputEvents = YES;
				INFOPLIST_KEY_UILaunchStoryboardName = LaunchScreen;
				INFOPLIST_KEY_UISupportedInterfaceOrientations_iPad = "UIInterfaceOrientationPortrait UIInterfaceOrientationPortraitUpsideDown UIInterfaceOrientationLandscapeLeft UIInterfaceOrientationLandscapeRight";
				INFOPLIST_KEY_UISupportedInterfaceOrientations_iPhone = "UIInterfaceOrientationPortrait UIInterfaceOrientationLandscapeLeft UIInterfaceOrientationLandscapeRight";
				LD_RUNPATH_SEARCH_PATHS = (
					"$(inherited)",
					"@executable_path/Frameworks",
				);
				MARKETING_VERSION = 1.0;
				PRODUCT_BUNDLE_IDENTIFIER = com.test.sephora1;
				PRODUCT_NAME = "$(TARGET_NAME)";
				SWIFT_EMIT_LOC_STRINGS = YES;
				SWIFT_VERSION = 5.0;
				TARGETED_DEVICE_FAMILY = "1,2";
			};
			name = Debug;
		};
		30FD6DC629655FA0006F6266 /* Release */ = {
			isa = XCBuildConfiguration;
			buildSettings = {
				ASSETCATALOG_COMPILER_APPICON_NAME = AppIcon;
				ASSETCATALOG_COMPILER_GLOBAL_ACCENT_COLOR_NAME = AccentColor;
				CODE_SIGN_STYLE = Automatic;
				CURRENT_PROJECT_VERSION = 1;
				GENERATE_INFOPLIST_FILE = YES;
				INFOPLIST_FILE = sephora1/Info.plist;
				INFOPLIST_KEY_UIApplicationSupportsIndirectInputEvents = YES;
				INFOPLIST_KEY_UILaunchStoryboardName = LaunchScreen;
				INFOPLIST_KEY_UISupportedInterfaceOrientations_iPad = "UIInterfaceOrientationPortrait UIInterfaceOrientationPortraitUpsideDown UIInterfaceOrientationLandscapeLeft UIInterfaceOrientationLandscapeRight";
				INFOPLIST_KEY_UISupportedInterfaceOrientations_iPhone = "UIInterfaceOrientationPortrait UIInterfaceOrientationLandscapeLeft UIInterfaceOrientationLandscapeRight";
				LD_RUNPATH_SEARCH_PATHS = (
					"$(inherited)",
					"@executable_path/Frameworks",
				);
				MARKETING_VERSION = 1.0;
				PRODUCT_BUNDLE_IDENTIFIER = com.test.sephora1;
				PRODUCT_NAME = "$(TARGET_NAME)";
				SWIFT_EMIT_LOC_STRINGS = YES;
				SWIFT_VERSION = 5.0;
				TARGETED_DEVICE_FAMILY = "1,2";
			};
			name = Release;
		};
		30FD6DC829655FA0006F6266 /* Debug */ = {
			isa = XCBuildConfiguration;
			buildSettings = {
				ALWAYS_EMBED_SWIFT_STANDARD_LIBRARIES = YES;
				BUNDLE_LOADER = "$(TEST_HOST)";
				CODE_SIGN_STYLE = Automatic;
				CURRENT_PROJECT_VERSION = 1;
				GENERATE_INFOPLIST_FILE = YES;
				IPHONEOS_DEPLOYMENT_TARGET = 16.2;
				MARKETING_VERSION = 1.0;
				PRODUCT_BUNDLE_IDENTIFIER = com.test.sephora1Tests;
				PRODUCT_NAME = "$(TARGET_NAME)";
				SWIFT_EMIT_LOC_STRINGS = NO;
				SWIFT_VERSION = 5.0;
				TARGETED_DEVICE_FAMILY = "1,2";
				TEST_HOST = "$(BUILT_PRODUCTS_DIR)/sephora1.app/$(BUNDLE_EXECUTABLE_FOLDER_PATH)/sephora1";
			};
			name = Debug;
		};
		30FD6DC929655FA0006F6266 /* Release */ = {
			isa = XCBuildConfiguration;
			buildSettings = {
				ALWAYS_EMBED_SWIFT_STANDARD_LIBRARIES = YES;
				BUNDLE_LOADER = "$(TEST_HOST)";
				CODE_SIGN_STYLE = Automatic;
				CURRENT_PROJECT_VERSION = 1;
				GENERATE_INFOPLIST_FILE = YES;
				IPHONEOS_DEPLOYMENT_TARGET = 16.2;
				MARKETING_VERSION = 1.0;
				PRODUCT_BUNDLE_IDENTIFIER = com.test.sephora1Tests;
				PRODUCT_NAME = "$(TARGET_NAME)";
				SWIFT_EMIT_LOC_STRINGS = NO;
				SWIFT_VERSION = 5.0;
				TARGETED_DEVICE_FAMILY = "1,2";
				TEST_HOST = "$(BUILT_PRODUCTS_DIR)/sephora1.app/$(BUNDLE_EXECUTABLE_FOLDER_PATH)/sephora1";
			};
			name = Release;
		};
/* End XCBuildConfiguration section */

/* Begin XCConfigurationList section */
		30FD6D9529655F9E006F6266 /* Build configuration list for PBXProject "sephora1" */ = {
			isa = XCConfigurationList;
			buildConfigurations = (
				30FD6DC229655FA0006F6266 /* Debug */,
				30FD6DC329655FA0006F6266 /* Release */,
			);
			defaultConfigurationIsVisible = 0;
			defaultConfigurationName = Release;
		};
		30FD6DC429655FA0006F6266 /* Build configuration list for PBXNativeTarget "sephora1" */ = {
			isa = XCConfigurationList;
			buildConfigurations = (
				30FD6DC529655FA0006F6266 /* Debug */,
				30FD6DC629655FA0006F6266 /* Release */,
			);
			defaultConfigurationIsVisible = 0;
			defaultConfigurationName = Release;
		};
		30FD6DC729655FA0006F6266 /* Build configuration list for PBXNativeTarget "sephora1Tests" */ = {
			isa = XCConfigurationList;
			buildConfigurations = (
				30FD6DC829655FA0006F6266 /* Debug */,
				30FD6DC929655FA0006F6266 /* Release */,
			);
			defaultConfigurationIsVisible = 0;
			defaultConfigurationName = Release;
		};
/* End XCConfigurationList section */
	};
	rootObject = 30FD6D9229655F9E006F6266 /* Project object */;
}
